
Microsoft Visual Studio Solution File, Format Version 12.00
# Visual Studio Version 16
VisualStudioVersion = 16.0.30907.101
MinimumVisualStudioVersion = 10.0.40219.1
Project("{FAE04EC0-301F-11D3-BF4B-00C04F79EFBC}") = "KampIntro", "KampIntro\KampIntro.csproj", "{360FC10B-D4D9-40A4-B982-94D883C2B956}"
EndProject
Project("{FAE04EC0-301F-11D3-BF4B-00C04F79EFBC}") = "Donguler", "Donguler\Donguler.csproj", "{46B258A0-E141-43A0-B31E-DB276C8F31F4}"
EndProject
Project("{FAE04EC0-301F-11D3-BF4B-00C04F79EFBC}") = "ClassIntro", "ClassIntro\ClassIntro.csproj", "{5D6A4CEA-B7D4-42AD-B003-D0D694DEA676}"
EndProject
Project("{FAE04EC0-301F-11D3-BF4B-00C04F79EFBC}") = "Metotlar", "Metotlar\Metotlar.csproj", "{3DAC2B9E-9DA1-4592-96D0-BFA0D9760481}"
EndProject
Project("{FAE04EC0-301F-11D3-BF4B-00C04F79EFBC}") = "Matematik", "Matematik\Matematik.csproj", "{A4EE25D7-6196-4295-AE5E-507571A8DC78}"
EndProject
Global
	GlobalSection(SolutionConfigurationPlatforms) = preSolution
		Debug|Any CPU = Debug|Any CPU
		Release|Any CPU = Release|Any CPU
	EndGlobalSection
	GlobalSection(ProjectConfigurationPlatforms) = postSolution
		{360FC10B-D4D9-40A4-B982-94D883C2B956}.Debug|Any CPU.ActiveCfg = Debug|Any CPU
		{360FC10B-D4D9-40A4-B982-94D883C2B956}.Debug|Any CPU.Build.0 = Debug|Any CPU
		{360FC10B-D4D9-40A4-B982-94D883C2B956}.Release|Any CPU.ActiveCfg = Release|Any CPU
		{360FC10B-D4D9-40A4-B982-94D883C2B956}.Release|Any CPU.Build.0 = Release|Any CPU
		{46B258A0-E141-43A0-B31E-DB276C8F31F4}.Debug|Any CPU.ActiveCfg = Debug|Any CPU
		{46B258A0-E141-43A0-B31E-DB276C8F31F4}.Debug|Any CPU.Build.0 = Debug|Any CPU
		{46B258A0-E141-43A0-B31E-DB276C8F31F4}.Release|Any CPU.ActiveCfg = Release|Any CPU
		{46B258A0-E141-43A0-B31E-DB276C8F31F4}.Release|Any CPU.Build.0 = Release|Any CPU
		{5D6A4CEA-B7D4-42AD-B003-D0D694DEA676}.Debug|Any CPU.ActiveCfg = Debug|Any CPU
		{5D6A4CEA-B7D4-42AD-B003-D0D694DEA676}.Debug|Any CPU.Build.0 = Debug|Any CPU
		{5D6A4CEA-B7D4-42AD-B003-D0D694DEA676}.Release|Any CPU.ActiveCfg = Release|Any CPU
		{5D6A4CEA-B7D4-42AD-B003-D0D694DEA676}.Release|Any CPU.Build.0 = Release|Any CPU
		{3DAC2B9E-9DA1-4592-96D0-BFA0D9760481}.Debug|Any CPU.ActiveCfg = Debug|Any CPU
		{3DAC2B9E-9DA1-4592-96D0-BFA0D9760481}.Debug|Any CPU.Build.0 = Debug|Any CPU
		{3DAC2B9E-9DA1-4592-96D0-BFA0D9760481}.Release|Any CPU.ActiveCfg = Release|Any CPU
		{3DAC2B9E-9DA1-4592-96D0-BFA0D9760481}.Release|Any CPU.Build.0 = Release|Any CPU
		{A4EE25D7-6196-4295-AE5E-507571A8DC78}.Debug|Any CPU.ActiveCfg = Debug|Any CPU
		{A4EE25D7-6196-4295-AE5E-507571A8DC78}.Debug|Any CPU.Build.0 = Debug|Any CPU
		{A4EE25D7-6196-4295-AE5E-507571A8DC78}.Release|Any CPU.ActiveCfg = Release|Any CPU
		{A4EE25D7-6196-4295-AE5E-507571A8DC78}.Release|Any CPU.Build.0 = Release|Any CPU
	EndGlobalSection
	GlobalSection(SolutionProperties) = preSolution
		HideSolutionNode = FALSE
	EndGlobalSection
	GlobalSection(ExtensibilityGlobals) = postSolution
		SolutionGuid = {48FA6E55-24BC-47A9-8DBF-785D72229DF8}
	EndGlobalSection
EndGlobal
